
Microsoft Visual Studio Solution File, Format Version 12.00
# Visual Studio Version 17
VisualStudioVersion = 17.5.33516.290
MinimumVisualStudioVersion = 10.0.40219.1
Project("{FAE04EC0-301F-11D3-BF4B-00C04F79EFBC}") = "WebApiAutores", "WebApiAutores\WebApiAutores.csproj", "{AAE543F7-5844-48C8-8156-D1B680A45D89}"
EndProject
Global
	GlobalSection(SolutionConfigurationPlatforms) = preSolution
		Debug|Any CPU = Debug|Any CPU
		Release|Any CPU = Release|Any CPU
	EndGlobalSection
	GlobalSection(ProjectConfigurationPlatforms) = postSolution
		{AAE543F7-5844-48C8-8156-D1B680A45D89}.Debug|Any CPU.ActiveCfg = Debug|Any CPU
		{AAE543F7-5844-48C8-8156-D1B680A45D89}.Debug|Any CPU.Build.0 = Debug|Any CPU
		{AAE543F7-5844-48C8-8156-D1B680A45D89}.Release|Any CPU.ActiveCfg = Release|Any CPU
		{AAE543F7-5844-48C8-8156-D1B680A45D89}.Release|Any CPU.Build.0 = Release|Any CPU
	EndGlobalSection
	GlobalSection(SolutionProperties) = preSolution
		HideSolutionNode = FALSE
	EndGlobalSection
	GlobalSection(ExtensibilityGlobals) = postSolution
		SolutionGuid = {DB6CC3CE-1962-44F1-A476-91D6E191654D}
	EndGlobalSection
EndGlobal
